
Microsoft Visual Studio Solution File, Format Version 12.00
# Visual Studio Version 16
VisualStudioVersion = 16.0.30503.244
MinimumVisualStudioVersion = 10.0.40219.1
Project("{FAE04EC0-301F-11D3-BF4B-00C04F79EFBC}") = "FabrikaStokTakipSistemi", "FabrikaStokTakipSistemi\FabrikaStokTakipSistemi.csproj", "{4132CA1E-A1AD-4C94-AE54-59DB9376A929}"
EndProject
Global
	GlobalSection(SolutionConfigurationPlatforms) = preSolution
		Debug|Any CPU = Debug|Any CPU
		Release|Any CPU = Release|Any CPU
	EndGlobalSection
	GlobalSection(ProjectConfigurationPlatforms) = postSolution
		{4132CA1E-A1AD-4C94-AE54-59DB9376A929}.Debug|Any CPU.ActiveCfg = Debug|Any CPU
		{4132CA1E-A1AD-4C94-AE54-59DB9376A929}.Debug|Any CPU.Build.0 = Debug|Any CPU
		{4132CA1E-A1AD-4C94-AE54-59DB9376A929}.Release|Any CPU.ActiveCfg = Release|Any CPU
		{4132CA1E-A1AD-4C94-AE54-59DB9376A929}.Release|Any CPU.Build.0 = Release|Any CPU
	EndGlobalSection
	GlobalSection(SolutionProperties) = preSolution
		HideSolutionNode = FALSE
	EndGlobalSection
	GlobalSection(ExtensibilityGlobals) = postSolution
		SolutionGuid = {54E4814D-7FDD-49E6-A6AA-831F3AE1641F}
	EndGlobalSection
EndGlobal
